
Microsoft Visual Studio Solution File, Format Version 12.00
# Visual Studio Version 17
VisualStudioVersion = 17.10.35004.147
MinimumVisualStudioVersion = 10.0.40219.1
Project("{2150E333-8FDC-42A3-9474-1A3956D46DE8}") = "Solution Items", "Solution Items", "{8EB9C9D1-8743-449B-95C1-49C59A83A510}"
	ProjectSection(SolutionItems) = preProject
		.github\workflows\dotnet.yml = .github\workflows\dotnet.yml
	EndProjectSection
EndProject
Project("{9A19103F-16F7-4668-BE54-9A1E7A4F7556}") = "Sound.Api", "Sound.Api\Sound.Api.csproj", "{DF276354-BF92-41A9-8CB6-6B7791BB679C}"
EndProject
Project("{9A19103F-16F7-4668-BE54-9A1E7A4F7556}") = "Sound.Common", "Sound.Common\Sound.Common.csproj", "{DA7E4AE4-8244-40E7-B6B0-56BE5081D997}"
EndProject
Project("{9A19103F-16F7-4668-BE54-9A1E7A4F7556}") = "Sound.Data", "Sound.Data\Sound.Data.csproj", "{E14E971B-E592-400E-84FE-25EB4633363A}"
EndProject
Global
	GlobalSection(SolutionConfigurationPlatforms) = preSolution
		Debug|Any CPU = Debug|Any CPU
		Release|Any CPU = Release|Any CPU
	EndGlobalSection
	GlobalSection(ProjectConfigurationPlatforms) = postSolution
		{DF276354-BF92-41A9-8CB6-6B7791BB679C}.Debug|Any CPU.ActiveCfg = Debug|Any CPU
		{DF276354-BF92-41A9-8CB6-6B7791BB679C}.Debug|Any CPU.Build.0 = Debug|Any CPU
		{DF276354-BF92-41A9-8CB6-6B7791BB679C}.Release|Any CPU.ActiveCfg = Release|Any CPU
		{DF276354-BF92-41A9-8CB6-6B7791BB679C}.Release|Any CPU.Build.0 = Release|Any CPU
		{DA7E4AE4-8244-40E7-B6B0-56BE5081D997}.Debug|Any CPU.ActiveCfg = Debug|Any CPU
		{DA7E4AE4-8244-40E7-B6B0-56BE5081D997}.Debug|Any CPU.Build.0 = Debug|Any CPU
		{DA7E4AE4-8244-40E7-B6B0-56BE5081D997}.Release|Any CPU.ActiveCfg = Release|Any CPU
		{DA7E4AE4-8244-40E7-B6B0-56BE5081D997}.Release|Any CPU.Build.0 = Release|Any CPU
		{E14E971B-E592-400E-84FE-25EB4633363A}.Debug|Any CPU.ActiveCfg = Debug|Any CPU
		{E14E971B-E592-400E-84FE-25EB4633363A}.Debug|Any CPU.Build.0 = Debug|Any CPU
		{E14E971B-E592-400E-84FE-25EB4633363A}.Release|Any CPU.ActiveCfg = Release|Any CPU
		{E14E971B-E592-400E-84FE-25EB4633363A}.Release|Any CPU.Build.0 = Release|Any CPU
	EndGlobalSection
	GlobalSection(SolutionProperties) = preSolution
		HideSolutionNode = FALSE
	EndGlobalSection
	GlobalSection(ExtensibilityGlobals) = postSolution
		SolutionGuid = {91027C54-6B2A-4124-90E5-B919CE4BC26F}
	EndGlobalSection
EndGlobal
